
Microsoft Visual Studio Solution File, Format Version 12.00
# Visual Studio 2013
VisualStudioVersion = 12.0.40629.0
MinimumVisualStudioVersion = 10.0.40219.1
Project("{FAE04EC0-301F-11D3-BF4B-00C04F79EFBC}") = "AsyncSocket.ConsoleClient", "AsyncSocket.ConsoleClient\AsyncSocket.ConsoleClient.csproj", "{587DBCA5-F286-432E-8E1D-9B544503396E}"
EndProject
Project("{FAE04EC0-301F-11D3-BF4B-00C04F79EFBC}") = "AsyncSocket.ConsoleHost", "AsyncSocket.ConsoleHost\AsyncSocket.ConsoleHost.csproj", "{1BF841C8-9004-48C9-8097-C872F4AF8838}"
EndProject
Project("{FAE04EC0-301F-11D3-BF4B-00C04F79EFBC}") = "AsyncSocket.Core", "AsyncSocket.Core\AsyncSocket.Core.csproj", "{8363CB87-C3FE-44D4-B378-615B07D93E13}"
EndProject
Global
	GlobalSection(SolutionConfigurationPlatforms) = preSolution
		Debug|Any CPU = Debug|Any CPU
		Release|Any CPU = Release|Any CPU
	EndGlobalSection
	GlobalSection(ProjectConfigurationPlatforms) = postSolution
		{587DBCA5-F286-432E-8E1D-9B544503396E}.Debug|Any CPU.ActiveCfg = Debug|Any CPU
		{587DBCA5-F286-432E-8E1D-9B544503396E}.Debug|Any CPU.Build.0 = Debug|Any CPU
		{587DBCA5-F286-432E-8E1D-9B544503396E}.Release|Any CPU.ActiveCfg = Release|Any CPU
		{587DBCA5-F286-432E-8E1D-9B544503396E}.Release|Any CPU.Build.0 = Release|Any CPU
		{1BF841C8-9004-48C9-8097-C872F4AF8838}.Debug|Any CPU.ActiveCfg = Debug|Any CPU
		{1BF841C8-9004-48C9-8097-C872F4AF8838}.Debug|Any CPU.Build.0 = Debug|Any CPU
		{1BF841C8-9004-48C9-8097-C872F4AF8838}.Release|Any CPU.ActiveCfg = Release|Any CPU
		{1BF841C8-9004-48C9-8097-C872F4AF8838}.Release|Any CPU.Build.0 = Release|Any CPU
		{8363CB87-C3FE-44D4-B378-615B07D93E13}.Debug|Any CPU.ActiveCfg = Debug|Any CPU
		{8363CB87-C3FE-44D4-B378-615B07D93E13}.Debug|Any CPU.Build.0 = Debug|Any CPU
		{8363CB87-C3FE-44D4-B378-615B07D93E13}.Release|Any CPU.ActiveCfg = Release|Any CPU
		{8363CB87-C3FE-44D4-B378-615B07D93E13}.Release|Any CPU.Build.0 = Release|Any CPU
	EndGlobalSection
	GlobalSection(SolutionProperties) = preSolution
		HideSolutionNode = FALSE
	EndGlobalSection
EndGlobal
